
Microsoft Visual Studio Solution File, Format Version 12.00
# Visual Studio Version 17
VisualStudioVersion = 17.1.32113.165
MinimumVisualStudioVersion = 10.0.40219.1
Project("{9A19103F-16F7-4668-BE54-9A1E7A4F7556}") = "PassXYZLib", "PassXYZLib\PassXYZLib.csproj", "{E6F6B65A-6474-4978-9F9C-F22194688240}"
EndProject
Project("{2150E333-8FDC-42A3-9474-1A3956D46DE8}") = "Solution Items", "Solution Items", "{B5CFEC4A-7D25-4D24-B4F7-A568E1DF4750}"
	ProjectSection(SolutionItems) = preProject
		appveyor.yml = appveyor.yml
		CHANGELOG.md = CHANGELOG.md
		KPCLib.nuspec = KPCLib.nuspec
		PassXYZLib.nuspec = PassXYZLib.nuspec
		README.md = README.md
	EndProjectSection
EndProject
Project("{9A19103F-16F7-4668-BE54-9A1E7A4F7556}") = "PureOtp", "PureOtp\PureOtp\PureOtp.csproj", "{6361E2B1-FAC9-4D2E-9876-90A37E516598}"
EndProject
Project("{FAE04EC0-301F-11D3-BF4B-00C04F79EFBC}") = "PassXYZLib.xunit", "PassXYZLib.xunit\PassXYZLib.xunit.csproj", "{9FE01E8A-B87F-4B86-806A-C79C05B2CF18}"
EndProject
Global
	GlobalSection(SolutionConfigurationPlatforms) = preSolution
		Debug|Any CPU = Debug|Any CPU
		Debug|ARM = Debug|ARM
		Debug|x64 = Debug|x64
		Debug|x86 = Debug|x86
		Release|Any CPU = Release|Any CPU
		Release|ARM = Release|ARM
		Release|x64 = Release|x64
		Release|x86 = Release|x86
	EndGlobalSection
	GlobalSection(ProjectConfigurationPlatforms) = postSolution
		{3F08B816-6E5F-4DB5-9BF5-4EDF9E662855}.Debug|Any CPU.ActiveCfg = Debug|Any CPU
		{3F08B816-6E5F-4DB5-9BF5-4EDF9E662855}.Debug|Any CPU.Build.0 = Debug|Any CPU
		{3F08B816-6E5F-4DB5-9BF5-4EDF9E662855}.Debug|ARM.ActiveCfg = Debug|Any CPU
		{3F08B816-6E5F-4DB5-9BF5-4EDF9E662855}.Debug|ARM.Build.0 = Debug|Any CPU
		{3F08B816-6E5F-4DB5-9BF5-4EDF9E662855}.Debug|x64.ActiveCfg = Debug|Any CPU
		{3F08B816-6E5F-4DB5-9BF5-4EDF9E662855}.Debug|x64.Build.0 = Debug|Any CPU
		{3F08B816-6E5F-4DB5-9BF5-4EDF9E662855}.Debug|x86.ActiveCfg = Debug|Any CPU
		{3F08B816-6E5F-4DB5-9BF5-4EDF9E662855}.Debug|x86.Build.0 = Debug|Any CPU
		{3F08B816-6E5F-4DB5-9BF5-4EDF9E662855}.Release|Any CPU.ActiveCfg = Release|Any CPU
		{3F08B816-6E5F-4DB5-9BF5-4EDF9E662855}.Release|Any CPU.Build.0 = Release|Any CPU
		{3F08B816-6E5F-4DB5-9BF5-4EDF9E662855}.Release|ARM.ActiveCfg = Release|Any CPU
		{3F08B816-6E5F-4DB5-9BF5-4EDF9E662855}.Release|ARM.Build.0 = Release|Any CPU
		{3F08B816-6E5F-4DB5-9BF5-4EDF9E662855}.Release|x64.ActiveCfg = Release|Any CPU
		{3F08B816-6E5F-4DB5-9BF5-4EDF9E662855}.Release|x64.Build.0 = Release|Any CPU
		{3F08B816-6E5F-4DB5-9BF5-4EDF9E662855}.Release|x86.ActiveCfg = Release|Any CPU
		{3F08B816-6E5F-4DB5-9BF5-4EDF9E662855}.Release|x86.Build.0 = Release|Any CPU
		{4764BB09-267A-4760-AE2D-6979BDA5FB88}.Debug|Any CPU.ActiveCfg = Debug|Any CPU
		{4764BB09-267A-4760-AE2D-6979BDA5FB88}.Debug|Any CPU.Build.0 = Debug|Any CPU
		{4764BB09-267A-4760-AE2D-6979BDA5FB88}.Debug|ARM.ActiveCfg = Debug|Any CPU
		{4764BB09-267A-4760-AE2D-6979BDA5FB88}.Debug|ARM.Build.0 = Debug|Any CPU
		{4764BB09-267A-4760-AE2D-6979BDA5FB88}.Debug|x64.ActiveCfg = Debug|Any CPU
		{4764BB09-267A-4760-AE2D-6979BDA5FB88}.Debug|x64.Build.0 = Debug|Any CPU
		{4764BB09-267A-4760-AE2D-6979BDA5FB88}.Debug|x86.ActiveCfg = Debug|Any CPU
		{4764BB09-267A-4760-AE2D-6979BDA5FB88}.Debug|x86.Build.0 = Debug|Any CPU
		{4764BB09-267A-4760-AE2D-6979BDA5FB88}.Release|Any CPU.ActiveCfg = Release|Any CPU
		{4764BB09-267A-4760-AE2D-6979BDA5FB88}.Release|Any CPU.Build.0 = Release|Any CPU
		{4764BB09-267A-4760-AE2D-6979BDA5FB88}.Release|ARM.ActiveCfg = Release|Any CPU
		{4764BB09-267A-4760-AE2D-6979BDA5FB88}.Release|ARM.Build.0 = Release|Any CPU
		{4764BB09-267A-4760-AE2D-6979BDA5FB88}.Release|x64.ActiveCfg = Release|Any CPU
		{4764BB09-267A-4760-AE2D-6979BDA5FB88}.Release|x64.Build.0 = Release|Any CPU
		{4764BB09-267A-4760-AE2D-6979BDA5FB88}.Release|x86.ActiveCfg = Release|Any CPU
		{4764BB09-267A-4760-AE2D-6979BDA5FB88}.Release|x86.Build.0 = Release|Any CPU
		{E6F6B65A-6474-4978-9F9C-F22194688240}.Debug|Any CPU.ActiveCfg = Debug|Any CPU
		{E6F6B65A-6474-4978-9F9C-F22194688240}.Debug|Any CPU.Build.0 = Debug|Any CPU
		{E6F6B65A-6474-4978-9F9C-F22194688240}.Debug|ARM.ActiveCfg = Debug|Any CPU
		{E6F6B65A-6474-4978-9F9C-F22194688240}.Debug|ARM.Build.0 = Debug|Any CPU
		{E6F6B65A-6474-4978-9F9C-F22194688240}.Debug|x64.ActiveCfg = Debug|Any CPU
		{E6F6B65A-6474-4978-9F9C-F22194688240}.Debug|x64.Build.0 = Debug|Any CPU
		{E6F6B65A-6474-4978-9F9C-F22194688240}.Debug|x86.ActiveCfg = Debug|Any CPU
		{E6F6B65A-6474-4978-9F9C-F22194688240}.Debug|x86.Build.0 = Debug|Any CPU
		{E6F6B65A-6474-4978-9F9C-F22194688240}.Release|Any CPU.ActiveCfg = Release|Any CPU
		{E6F6B65A-6474-4978-9F9C-F22194688240}.Release|Any CPU.Build.0 = Release|Any CPU
		{E6F6B65A-6474-4978-9F9C-F22194688240}.Release|ARM.ActiveCfg = Release|Any CPU
		{E6F6B65A-6474-4978-9F9C-F22194688240}.Release|ARM.Build.0 = Release|Any CPU
		{E6F6B65A-6474-4978-9F9C-F22194688240}.Release|x64.ActiveCfg = Release|Any CPU
		{E6F6B65A-6474-4978-9F9C-F22194688240}.Release|x64.Build.0 = Release|Any CPU
		{E6F6B65A-6474-4978-9F9C-F22194688240}.Release|x86.ActiveCfg = Release|Any CPU
		{E6F6B65A-6474-4978-9F9C-F22194688240}.Release|x86.Build.0 = Release|Any CPU
		{6361E2B1-FAC9-4D2E-9876-90A37E516598}.Debug|Any CPU.ActiveCfg = Debug|Any CPU
		{6361E2B1-FAC9-4D2E-9876-90A37E516598}.Debug|Any CPU.Build.0 = Debug|Any CPU
		{6361E2B1-FAC9-4D2E-9876-90A37E516598}.Debug|ARM.ActiveCfg = Debug|Any CPU
		{6361E2B1-FAC9-4D2E-9876-90A37E516598}.Debug|ARM.Build.0 = Debug|Any CPU
		{6361E2B1-FAC9-4D2E-9876-90A37E516598}.Debug|x64.ActiveCfg = Debug|Any CPU
		{6361E2B1-FAC9-4D2E-9876-90A37E516598}.Debug|x64.Build.0 = Debug|Any CPU
		{6361E2B1-FAC9-4D2E-9876-90A37E516598}.Debug|x86.ActiveCfg = Debug|Any CPU
		{6361E2B1-FAC9-4D2E-9876-90A37E516598}.Debug|x86.Build.0 = Debug|Any CPU
		{6361E2B1-FAC9-4D2E-9876-90A37E516598}.Release|Any CPU.ActiveCfg = Release|Any CPU
		{6361E2B1-FAC9-4D2E-9876-90A37E516598}.Release|Any CPU.Build.0 = Release|Any CPU
		{6361E2B1-FAC9-4D2E-9876-90A37E516598}.Release|ARM.ActiveCfg = Release|Any CPU
		{6361E2B1-FAC9-4D2E-9876-90A37E516598}.Release|ARM.Build.0 = Release|Any CPU
		{6361E2B1-FAC9-4D2E-9876-90A37E516598}.Release|x64.ActiveCfg = Release|Any CPU
		{6361E2B1-FAC9-4D2E-9876-90A37E516598}.Release|x64.Build.0 = Release|Any CPU
		{6361E2B1-FAC9-4D2E-9876-90A37E516598}.Release|x86.ActiveCfg = Release|Any CPU
		{6361E2B1-FAC9-4D2E-9876-90A37E516598}.Release|x86.Build.0 = Release|Any CPU
		{B072D007-02BD-4A84-9255-8492A3E16667}.Debug|Any CPU.ActiveCfg = Debug|Any CPU
		{B072D007-02BD-4A84-9255-8492A3E16667}.Debug|Any CPU.Build.0 = Debug|Any CPU
		{B072D007-02BD-4A84-9255-8492A3E16667}.Debug|ARM.ActiveCfg = Debug|Any CPU
		{B072D007-02BD-4A84-9255-8492A3E16667}.Debug|ARM.Build.0 = Debug|Any CPU
		{B072D007-02BD-4A84-9255-8492A3E16667}.Debug|x64.ActiveCfg = Debug|Any CPU
		{B072D007-02BD-4A84-9255-8492A3E16667}.Debug|x64.Build.0 = Debug|Any CPU
		{B072D007-02BD-4A84-9255-8492A3E16667}.Debug|x86.ActiveCfg = Debug|Any CPU
		{B072D007-02BD-4A84-9255-8492A3E16667}.Debug|x86.Build.0 = Debug|Any CPU
		{B072D007-02BD-4A84-9255-8492A3E16667}.Release|Any CPU.ActiveCfg = Release|Any CPU
		{B072D007-02BD-4A84-9255-8492A3E16667}.Release|Any CPU.Build.0 = Release|Any CPU
		{B072D007-02BD-4A84-9255-8492A3E16667}.Release|ARM.ActiveCfg = Release|Any CPU
		{B072D007-02BD-4A84-9255-8492A3E16667}.Release|ARM.Build.0 = Release|Any CPU
		{B072D007-02BD-4A84-9255-8492A3E16667}.Release|x64.ActiveCfg = Release|Any CPU
		{B072D007-02BD-4A84-9255-8492A3E16667}.Release|x64.Build.0 = Release|Any CPU
		{B072D007-02BD-4A84-9255-8492A3E16667}.Release|x86.ActiveCfg = Release|Any CPU
		{B072D007-02BD-4A84-9255-8492A3E16667}.Release|x86.Build.0 = Release|Any CPU
		{9FE01E8A-B87F-4B86-806A-C79C05B2CF18}.Debug|Any CPU.ActiveCfg = Debug|Any CPU
		{9FE01E8A-B87F-4B86-806A-C79C05B2CF18}.Debug|Any CPU.Build.0 = Debug|Any CPU
		{9FE01E8A-B87F-4B86-806A-C79C05B2CF18}.Debug|ARM.ActiveCfg = Debug|Any CPU
		{9FE01E8A-B87F-4B86-806A-C79C05B2CF18}.Debug|ARM.Build.0 = Debug|Any CPU
		{9FE01E8A-B87F-4B86-806A-C79C05B2CF18}.Debug|x64.ActiveCfg = Debug|Any CPU
		{9FE01E8A-B87F-4B86-806A-C79C05B2CF18}.Debug|x64.Build.0 = Debug|Any CPU
		{9FE01E8A-B87F-4B86-806A-C79C05B2CF18}.Debug|x86.ActiveCfg = Debug|Any CPU
		{9FE01E8A-B87F-4B86-806A-C79C05B2CF18}.Debug|x86.Build.0 = Debug|Any CPU
		{9FE01E8A-B87F-4B86-806A-C79C05B2CF18}.Release|Any CPU.ActiveCfg = Release|Any CPU
		{9FE01E8A-B87F-4B86-806A-C79C05B2CF18}.Release|Any CPU.Build.0 = Release|Any CPU
		{9FE01E8A-B87F-4B86-806A-C79C05B2CF18}.Release|ARM.ActiveCfg = Release|Any CPU
		{9FE01E8A-B87F-4B86-806A-C79C05B2CF18}.Release|ARM.Build.0 = Release|Any CPU
		{9FE01E8A-B87F-4B86-806A-C79C05B2CF18}.Release|x64.ActiveCfg = Release|Any CPU
		{9FE01E8A-B87F-4B86-806A-C79C05B2CF18}.Release|x64.Build.0 = Release|Any CPU
		{9FE01E8A-B87F-4B86-806A-C79C05B2CF18}.Release|x86.ActiveCfg = Release|Any CPU
		{9FE01E8A-B87F-4B86-806A-C79C05B2CF18}.Release|x86.Build.0 = Release|Any CPU
	EndGlobalSection
	GlobalSection(SolutionProperties) = preSolution
		HideSolutionNode = FALSE
	EndGlobalSection
	GlobalSection(ExtensibilityGlobals) = postSolution
		SolutionGuid = {CCF3A192-9A1C-4C52-87E1-10BD46C1DEA6}
	EndGlobalSection
EndGlobal
